
Microsoft Visual Studio Solution File, Format Version 12.00
# Visual Studio Version 17
VisualStudioVersion = 17.8.34525.116
MinimumVisualStudioVersion = 10.0.40219.1
Project("{FAE04EC0-301F-11D3-BF4B-00C04F79EFBC}") = "News_Project", "News_Project\News_Project.csproj", "{41B4033B-6D93-419D-A5BB-D5D61478406A}"
EndProject
Global
	GlobalSection(SolutionConfigurationPlatforms) = preSolution
		Debug|Any CPU = Debug|Any CPU
		Release|Any CPU = Release|Any CPU
	EndGlobalSection
	GlobalSection(ProjectConfigurationPlatforms) = postSolution
		{41B4033B-6D93-419D-A5BB-D5D61478406A}.Debug|Any CPU.ActiveCfg = Debug|Any CPU
		{41B4033B-6D93-419D-A5BB-D5D61478406A}.Debug|Any CPU.Build.0 = Debug|Any CPU
		{41B4033B-6D93-419D-A5BB-D5D61478406A}.Release|Any CPU.ActiveCfg = Release|Any CPU
		{41B4033B-6D93-419D-A5BB-D5D61478406A}.Release|Any CPU.Build.0 = Release|Any CPU
	EndGlobalSection
	GlobalSection(SolutionProperties) = preSolution
		HideSolutionNode = FALSE
	EndGlobalSection
	GlobalSection(ExtensibilityGlobals) = postSolution
		SolutionGuid = {C055B869-56A5-4874-9DA0-C35C4D4574D5}
	EndGlobalSection
EndGlobal
